// !$*UTF8*$!
{
	archiveVersion = 1;
	classes = {
	};
	objectVersion = 50;
	objects = {

/* Begin PBXBuildFile section */
		9A2FDD0E214A8B0B006B0DFD /* AppDelegate.swift in Sources */ = {isa = PBXBuildFile; fileRef = 9A2FDD0D214A8B0B006B0DFD /* AppDelegate.swift */; };
		9A2FDD13214A8B0B006B0DFD /* Main.storyboard in Resources */ = {isa = PBXBuildFile; fileRef = 9A2FDD11214A8B0B006B0DFD /* Main.storyboard */; };
		9A2FDD15214A8B0F006B0DFD /* Assets.xcassets in Resources */ = {isa = PBXBuildFile; fileRef = 9A2FDD14214A8B0F006B0DFD /* Assets.xcassets */; };
		9A2FDD18214A8B0F006B0DFD /* LaunchScreen.storyboard in Resources */ = {isa = PBXBuildFile; fileRef = 9A2FDD16214A8B0F006B0DFD /* LaunchScreen.storyboard */; };
		9A2FDD23214A8B0F006B0DFD /* DicceTests.swift in Sources */ = {isa = PBXBuildFile; fileRef = 9A2FDD22214A8B0F006B0DFD /* DicceTests.swift */; };
		9A2FDD2E214A8B0F006B0DFD /* DicceUITests.swift in Sources */ = {isa = PBXBuildFile; fileRef = 9A2FDD2D214A8B0F006B0DFD /* DicceUITests.swift */; };
		9A2FDD3C214A907A006B0DFD /* DiceeViewController.swift in Sources */ = {isa = PBXBuildFile; fileRef = 9A2FDD3B214A907A006B0DFD /* DiceeViewController.swift */; };
/* End PBXBuildFile section */

/* Begin PBXContainerItemProxy section */
		9A2FDD1F214A8B0F006B0DFD /* PBXContainerItemProxy */ = {
			isa = PBXContainerItemProxy;
			containerPortal = 9A2FDD02214A8B0B006B0DFD /* Project object */;
			proxyType = 1;
			remoteGlobalIDString = 9A2FDD09214A8B0B006B0DFD;
			remoteInfo = Dicce;
		};
		9A2FDD2A214A8B0F006B0DFD /* PBXContainerItemProxy */ = {
			isa = PBXContainerItemProxy;
			containerPortal = 9A2FDD02214A8B0B006B0DFD /* Project object */;
			proxyType = 1;
			remoteGlobalIDString = 9A2FDD09214A8B0B006B0DFD;
			remoteInfo = Dicce;
		};
/* End PBXContainerItemProxy section */

/* Begin PBXFileReference section */
		9A2FDD0A214A8B0B006B0DFD /* Dicce.app */ = {isa = PBXFileReference; explicitFileType = wrapper.application; includeInIndex = 0; path = Dicce.app; sourceTree = BUILT_PRODUCTS_DIR; };
		9A2FDD0D214A8B0B006B0DFD /* AppDelegate.swift */ = {isa = PBXFileReference; lastKnownFileType = sourcecode.swift; path = AppDelegate.swift; sourceTree = "<group>"; };
		9A2FDD12214A8B0B006B0DFD /* Base */ = {isa = PBXFileReference; lastKnownFileType = file.storyboard; name = Base; path = Base.lproj/Main.storyboard; sourceTree = "<group>"; };
		9A2FDD14214A8B0F006B0DFD /* Assets.xcassets */ = {isa = PBXFileReference; lastKnownFileType = folder.assetcatalog; path = Assets.xcassets; sourceTree = "<group>"; };
		9A2FDD17214A8B0F006B0DFD /* Base */ = {isa = PBXFileReference; lastKnownFileType = file.storyboard; name = Base; path = Base.lproj/LaunchScreen.storyboard; sourceTree = "<group>"; };
		9A2FDD19214A8B0F006B0DFD /* Info.plist */ = {isa = PBXFileReference; lastKnownFileType = text.plist.xml; path = Info.plist; sourceTree = "<group>"; };
		9A2FDD1E214A8B0F006B0DFD /* DicceTests.xctest */ = {isa = PBXFileReference; explicitFileType = wrapper.cfbundle; includeInIndex = 0; path = DicceTests.xctest; sourceTree = BUILT_PRODUCTS_DIR; };
		9A2FDD22214A8B0F006B0DFD /* DicceTests.swift */ = {isa = PBXFileReference; lastKnownFileType = sourcecode.swift; path = DicceTests.swift; sourceTree = "<group>"; };
		9A2FDD24214A8B0F006B0DFD /* Info.plist */ = {isa = PBXFileReference; lastKnownFileType = text.plist.xml; path = Info.plist; sourceTree = "<group>"; };
		9A2FDD29214A8B0F006B0DFD /* DicceUITests.xctest */ = {isa = PBXFileReference; explicitFileType = wrapper.cfbundle; includeInIndex = 0; path = DicceUITests.xctest; sourceTree = BUILT_PRODUCTS_DIR; };
		9A2FDD2D214A8B0F006B0DFD /* DicceUITests.swift */ = {isa = PBXFileReference; lastKnownFileType = sourcecode.swift; path = DicceUITests.swift; sourceTree = "<group>"; };
		9A2FDD2F214A8B0F006B0DFD /* Info.plist */ = {isa = PBXFileReference; lastKnownFileType = text.plist.xml; path = Info.plist; sourceTree = "<group>"; };
		9A2FDD3B214A907A006B0DFD /* DiceeViewController.swift */ = {isa = PBXFileReference; lastKnownFileType = sourcecode.swift; path = DiceeViewController.swift; sourceTree = "<group>"; };
/* End PBXFileReference section */

/* Begin PBXFrameworksBuildPhase section */
		9A2FDD07214A8B0B006B0DFD /* Frameworks */ = {
			isa = PBXFrameworksBuildPhase;
			buildActionMask = 2147483647;
			files = (
			);
			runOnlyForDeploymentPostprocessing = 0;
		};
		9A2FDD1B214A8B0F006B0DFD /* Frameworks */ = {
			isa = PBXFrameworksBuildPhase;
			buildActionMask = 2147483647;
			files = (
			);
			runOnlyForDeploymentPostprocessing = 0;
		};
		9A2FDD26214A8B0F006B0DFD /* Frameworks */ = {
			isa = PBXFrameworksBuildPhase;
			buildActionMask = 2147483647;
			files = (
			);
			runOnlyForDeploymentPostprocessing = 0;
		};
/* End PBXFrameworksBuildPhase section */

/* Begin PBXGroup section */
		9A2FDD01214A8B0B006B0DFD = {
			isa = PBXGroup;
			children = (
				9A2FDD0C214A8B0B006B0DFD /* Dicce */,
				9A2FDD21214A8B0F006B0DFD /* DicceTests */,
				9A2FDD2C214A8B0F006B0DFD /* DicceUITests */,
				9A2FDD0B214A8B0B006B0DFD /* Products */,
			);
			sourceTree = "<group>";
		};
		9A2FDD0B214A8B0B006B0DFD /* Products */ = {
			isa = PBXGroup;
			children = (
				9A2FDD0A214A8B0B006B0DFD /* Dicce.app */,
				9A2FDD1E214A8B0F006B0DFD /* DicceTests.xctest */,
				9A2FDD29214A8B0F006B0DFD /* DicceUITests.xctest */,
			);
			name = Products;
			sourceTree = "<group>";
		};
		9A2FDD0C214A8B0B006B0DFD /* Dicce */ = {
			isa = PBXGroup;
			children = (
				9A2FDD0D214A8B0B006B0DFD /* AppDelegate.swift */,
				9A2FDD11214A8B0B006B0DFD /* Main.storyboard */,
				9A2FDD14214A8B0F006B0DFD /* Assets.xcassets */,
				9A2FDD16214A8B0F006B0DFD /* LaunchScreen.storyboard */,
				9A2FDD19214A8B0F006B0DFD /* Info.plist */,
				9A2FDD3B214A907A006B0DFD /* DiceeViewController.swift */,
			);
			path = Dicce;
			sourceTree = "<group>";
		};
		9A2FDD21214A8B0F006B0DFD /* DicceTests */ = {
			isa = PBXGroup;
			children = (
				9A2FDD22214A8B0F006B0DFD /* DicceTests.swift */,
				9A2FDD24214A8B0F006B0DFD /* Info.plist */,
			);
			path = DicceTests;
			sourceTree = "<group>";
		};
		9A2FDD2C214A8B0F006B0DFD /* DicceUITests */ = {
			isa = PBXGroup;
			children = (
				9A2FDD2D214A8B0F006B0DFD /* DicceUITests.swift */,
				9A2FDD2F214A8B0F006B0DFD /* Info.plist */,
			);
			path = DicceUITests;
			sourceTree = "<group>";
		};
/* End PBXGroup section */

/* Begin PBXNativeTarget section */
		9A2FDD09214A8B0B006B0DFD /* Dicce */ = {
			isa = PBXNativeTarget;
			buildConfigurationList = 9A2FDD32214A8B0F006B0DFD /* Build configuration list for PBXNativeTarget "Dicce" */;
			buildPhases = (
				9A2FDD06214A8B0B006B0DFD /* Sources */,
				9A2FDD07214A8B0B006B0DFD /* Frameworks */,
				9A2FDD08214A8B0B006B0DFD /* Resources */,
			);
			buildRules = (
			);
			dependencies = (
			);
			name = Dicce;
			productName = Dicce;
			productReference = 9A2FDD0A214A8B0B006B0DFD /* Dicce.app */;
			productType = "com.apple.product-type.application";
		};
		9A2FDD1D214A8B0F006B0DFD /* DicceTests */ = {
			isa = PBXNativeTarget;
			buildConfigurationList = 9A2FDD35214A8B0F006B0DFD /* Build configuration list for PBXNativeTarget "DicceTests" */;
			buildPhases = (
				9A2FDD1A214A8B0F006B0DFD /* Sources */,
				9A2FDD1B214A8B0F006B0DFD /* Frameworks */,
				9A2FDD1C214A8B0F006B0DFD /* Resources */,
			);
			buildRules = (
			);
			dependencies = (
				9A2FDD20214A8B0F006B0DFD /* PBXTargetDependency */,
			);
			name = DicceTests;
			productName = DicceTests;
			productReference = 9A2FDD1E214A8B0F006B0DFD /* DicceTests.xctest */;
			productType = "com.apple.product-type.bundle.unit-test";
		};
		9A2FDD28214A8B0F006B0DFD /* DicceUITests */ = {
			isa = PBXNativeTarget;
			buildConfigurationList = 9A2FDD38214A8B0F006B0DFD /* Build configuration list for PBXNativeTarget "DicceUITests" */;
			buildPhases = (
				9A2FDD25214A8B0F006B0DFD /* Sources */,
				9A2FDD26214A8B0F006B0DFD /* Frameworks */,
				9A2FDD27214A8B0F006B0DFD /* Resources */,
			);
			buildRules = (
			);
			dependencies = (
				9A2FDD2B214A8B0F006B0DFD /* PBXTargetDependency */,
			);
			name = DicceUITests;
			productName = DicceUITests;
			productReference = 9A2FDD29214A8B0F006B0DFD /* DicceUITests.xctest */;
			productType = "com.apple.product-type.bundle.ui-testing";
		};
/* End PBXNativeTarget section */

/* Begin PBXProject section */
		9A2FDD02214A8B0B006B0DFD /* Project object */ = {
			isa = PBXProject;
			attributes = {
				LastSwiftUpdateCheck = 0940;
				LastUpgradeCheck = 0940;
				ORGANIZATIONNAME = Stefanini;
				TargetAttributes = {
					9A2FDD09214A8B0B006B0DFD = {
						CreatedOnToolsVersion = 9.4.1;
					};
					9A2FDD1D214A8B0F006B0DFD = {
						CreatedOnToolsVersion = 9.4.1;
						TestTargetID = 9A2FDD09214A8B0B006B0DFD;
					};
					9A2FDD28214A8B0F006B0DFD = {
						CreatedOnToolsVersion = 9.4.1;
						TestTargetID = 9A2FDD09214A8B0B006B0DFD;
					};
				};
			};
			buildConfigurationList = 9A2FDD05214A8B0B006B0DFD /* Build configuration list for PBXProject "Dicce" */;
			compatibilityVersion = "Xcode 9.3";
			developmentRegion = en;
			hasScannedForEncodings = 0;
			knownRegions = (
				en,
				Base,
			);
			mainGroup = 9A2FDD01214A8B0B006B0DFD;
			productRefGroup = 9A2FDD0B214A8B0B006B0DFD /* Products */;
			projectDirPath = "";
			projectRoot = "";
			targets = (
				9A2FDD09214A8B0B006B0DFD /* Dicce */,
				9A2FDD1D214A8B0F006B0DFD /* DicceTests */,
				9A2FDD28214A8B0F006B0DFD /* DicceUITests */,
			);
		};
/* End PBXProject section */

/* Begin PBXResourcesBuildPhase section */
		9A2FDD08214A8B0B006B0DFD /* Resources */ = {
			isa = PBXResourcesBuildPhase;
			buildActionMask = 2147483647;
			files = (
				9A2FDD18214A8B0F006B0DFD /* LaunchScreen.storyboard in Resources */,
				9A2FDD15214A8B0F006B0DFD /* Assets.xcassets in Resources */,
				9A2FDD13214A8B0B006B0DFD /* Main.storyboard in Resources */,
			);
			runOnlyForDeploymentPostprocessing = 0;
		};
		9A2FDD1C214A8B0F006B0DFD /* Resources */ = {
			isa = PBXResourcesBuildPhase;
			buildActionMask = 2147483647;
			files = (
			);
			runOnlyForDeploymentPostprocessing = 0;
		};
		9A2FDD27214A8B0F006B0DFD /* Resources */ = {
			isa = PBXResourcesBuildPhase;
			buildActionMask = 2147483647;
			files = (
			);
			runOnlyForDeploymentPostprocessing = 0;
		};
/* End PBXResourcesBuildPhase section */

/* Begin PBXSourcesBuildPhase section */
		9A2FDD06214A8B0B006B0DFD /* Sources */ = {
			isa = PBXSourcesBuildPhase;
			buildActionMask = 2147483647;
			files = (
				9A2FDD0E214A8B0B006B0DFD /* AppDelegate.swift in Sources */,
				9A2FDD3C214A907A006B0DFD /* DiceeViewController.swift in Sources */,
			);
			runOnlyForDeploymentPostprocessing = 0;
		};
		9A2FDD1A214A8B0F006B0DFD /* Sources */ = {
			isa = PBXSourcesBuildPhase;
			buildActionMask = 2147483647;
			files = (
				9A2FDD23214A8B0F006B0DFD /* DicceTests.swift in Sources */,
			);
			runOnlyForDeploymentPostprocessing = 0;
		};
		9A2FDD25214A8B0F006B0DFD /* Sources */ = {
			isa = PBXSourcesBuildPhase;
			buildActionMask = 2147483647;
			files = (
				9A2FDD2E214A8B0F006B0DFD /* DicceUITests.swift in Sources */,
			);
			runOnlyForDeploymentPostprocessing = 0;
		};
/* End PBXSourcesBuildPhase section */

/* Begin PBXTargetDependency section */
		9A2FDD20214A8B0F006B0DFD /* PBXTargetDependency */ = {
			isa = PBXTargetDependency;
			target = 9A2FDD09214A8B0B006B0DFD /* Dicce */;
			targetProxy = 9A2FDD1F214A8B0F006B0DFD /* PBXContainerItemProxy */;
		};
		9A2FDD2B214A8B0F006B0DFD /* PBXTargetDependency */ = {
			isa = PBXTargetDependency;
			target = 9A2FDD09214A8B0B006B0DFD /* Dicce */;
			targetProxy = 9A2FDD2A214A8B0F006B0DFD /* PBXContainerItemProxy */;
		};
/* End PBXTargetDependency section */

/* Begin PBXVariantGroup section */
		9A2FDD11214A8B0B006B0DFD /* Main.storyboard */ = {
			isa = PBXVariantGroup;
			children = (
				9A2FDD12214A8B0B006B0DFD /* Base */,
			);
			name = Main.storyboard;
			sourceTree = "<group>";
		};
		9A2FDD16214A8B0F006B0DFD /* LaunchScreen.storyboard */ = {
			isa = PBXVariantGroup;
			children = (
				9A2FDD17214A8B0F006B0DFD /* Base */,
			);
			name = LaunchScreen.storyboard;
			sourceTree = "<group>";
		};
/* End PBXVariantGroup section */

/* Begin XCBuildConfiguration section */
		9A2FDD30214A8B0F006B0DFD /* Debug */ = {
			isa = XCBuildConfiguration;
			buildSettings = {
				ALWAYS_SEARCH_USER_PATHS = NO;
				CLANG_ANALYZER_NONNULL = YES;
				CLANG_ANALYZER_NUMBER_OBJECT_CONVERSION = YES_AGGRESSIVE;
				CLANG_CXX_LANGUAGE_STANDARD = "gnu++14";
				CLANG_CXX_LIBRARY = "libc++";
				CLANG_ENABLE_MODULES = YES;
				CLANG_ENABLE_OBJC_ARC = YES;
				CLANG_ENABLE_OBJC_WEAK = YES;
				CLANG_WARN_BLOCK_CAPTURE_AUTORELEASING = YES;
				CLANG_WARN_BOOL_CONVERSION = YES;
				CLANG_WARN_COMMA = YES;
				CLANG_WARN_CONSTANT_CONVERSION = YES;
				CLANG_WARN_DEPRECATED_OBJC_IMPLEMENTATIONS = YES;
				CLANG_WARN_DIRECT_OBJC_ISA_USAGE = YES_ERROR;
				CLANG_WARN_DOCUMENTATION_COMMENTS = YES;
				CLANG_WARN_EMPTY_BODY = YES;
				CLANG_WARN_ENUM_CONVERSION = YES;
				CLANG_WARN_INFINITE_RECURSION = YES;
				CLANG_WARN_INT_CONVERSION = YES;
				CLANG_WARN_NON_LITERAL_NULL_CONVERSION = YES;
				CLANG_WARN_OBJC_IMPLICIT_RETAIN_SELF = YES;
				CLANG_WARN_OBJC_LITERAL_CONVERSION = YES;
				CLANG_WARN_OBJC_ROOT_CLASS = YES_ERROR;
				CLANG_WARN_RANGE_LOOP_ANALYSIS = YES;
				CLANG_WARN_STRICT_PROTOTYPES = YES;
				CLANG_WARN_SUSPICIOUS_MOVE = YES;
				CLANG_WARN_UNGUARDED_AVAILABILITY = YES_AGGRESSIVE;
				CLANG_WARN_UNREACHABLE_CODE = YES;
				CLANG_WARN__DUPLICATE_METHOD_MATCH = YES;
				CODE_SIGN_IDENTITY = "iPhone Developer";
				COPY_PHASE_STRIP = NO;
				DEBUG_INFORMATION_FORMAT = dwarf;
				ENABLE_STRICT_OBJC_MSGSEND = YES;
				ENABLE_TESTABILITY = YES;
				GCC_C_LANGUAGE_STANDARD = gnu11;
				GCC_DYNAMIC_NO_PIC = NO;
				GCC_NO_COMMON_BLOCKS = YES;
				GCC_OPTIMIZATION_LEVEL = 0;
				GCC_PREPROCESSOR_DEFINITIONS = (
					"DEBUG=1",
					"$(inherited)",
				);
				GCC_WARN_64_TO_32_BIT_CONVERSION = YES;
				GCC_WARN_ABOUT_RETURN_TYPE = YES_ERROR;
				GCC_WARN_UNDECLARED_SELECTOR = YES;
				GCC_WARN_UNINITIALIZED_AUTOS = YES_AGGRESSIVE;
				GCC_WARN_UNUSED_FUNCTION = YES;
				GCC_WARN_UNUSED_VARIABLE = YES;
				IPHONEOS_DEPLOYMENT_TARGET = 11.4;
				MTL_ENABLE_DEBUG_INFO = YES;
				ONLY_ACTIVE_ARCH = YES;
				SDKROOT = iphoneos;
				SWIFT_ACTIVE_COMPILATION_CONDITIONS = DEBUG;
				SWIFT_OPTIMIZATION_LEVEL = "-Onone";
			};
			name = Debug;
		};
		9A2FDD31214A8B0F006B0DFD /* Release */ = {
			isa = XCBuildConfiguration;
			buildSettings = {
				ALWAYS_SEARCH_USER_PATHS = NO;
				CLANG_ANALYZER_NONNULL = YES;
				CLANG_ANALYZER_NUMBER_OBJECT_CONVERSION = YES_AGGRESSIVE;
				CLANG_CXX_LANGUAGE_STANDARD = "gnu++14";
				CLANG_CXX_LIBRARY = "libc++";
				CLANG_ENABLE_MODULES = YES;
				CLANG_ENABLE_OBJC_ARC = YES;
				CLANG_ENABLE_OBJC_WEAK = YES;
				CLANG_WARN_BLOCK_CAPTURE_AUTORELEASING = YES;
				CLANG_WARN_BOOL_CONVERSION = YES;
				CLANG_WARN_COMMA = YES;
				CLANG_WARN_CONSTANT_CONVERSION = YES;
				CLANG_WARN_DEPRECATED_OBJC_IMPLEMENTATIONS = YES;
				CLANG_WARN_DIRECT_OBJC_ISA_USAGE = YES_ERROR;
				CLANG_WARN_DOCUMENTATION_COMMENTS = YES;
				CLANG_WARN_EMPTY_BODY = YES;
				CLANG_WARN_ENUM_CONVERSION = YES;
				CLANG_WARN_INFINITE_RECURSION = YES;
				CLANG_WARN_INT_CONVERSION = YES;
				CLANG_WARN_NON_LITERAL_NULL_CONVERSION = YES;
				CLANG_WARN_OBJC_IMPLICIT_RETAIN_SELF = YES;
				CLANG_WARN_OBJC_LITERAL_CONVERSION = YES;
				CLANG_WARN_OBJC_ROOT_CLASS = YES_ERROR;
				CLANG_WARN_RANGE_LOOP_ANALYSIS = YES;
				CLANG_WARN_STRICT_PROTOTYPES = YES;
				CLANG_WARN_SUSPICIOUS_MOVE = YES;
				CLANG_WARN_UNGUARDED_AVAILABILITY = YES_AGGRESSIVE;
				CLANG_WARN_UNREACHABLE_CODE = YES;
				CLANG_WARN__DUPLICATE_METHOD_MATCH = YES;
				CODE_SIGN_IDENTITY = "iPhone Developer";
				COPY_PHASE_STRIP = NO;
				DEBUG_INFORMATION_FORMAT = "dwarf-with-dsym";
				ENABLE_NS_ASSERTIONS = NO;
				ENABLE_STRICT_OBJC_MSGSEND = YES;
				GCC_C_LANGUAGE_STANDARD = gnu11;
				GCC_NO_COMMON_BLOCKS = YES;
				GCC_WARN_64_TO_32_BIT_CONVERSION = YES;
				GCC_WARN_ABOUT_RETURN_TYPE = YES_ERROR;
				GCC_WARN_UNDECLARED_SELECTOR = YES;
				GCC_WARN_UNINITIALIZED_AUTOS = YES_AGGRESSIVE;
				GCC_WARN_UNUSED_FUNCTION = YES;
				GCC_WARN_UNUSED_VARIABLE = YES;
				IPHONEOS_DEPLOYMENT_TARGET = 11.4;
				MTL_ENABLE_DEBUG_INFO = NO;
				SDKROOT = iphoneos;
				SWIFT_COMPILATION_MODE = wholemodule;
				SWIFT_OPTIMIZATION_LEVEL = "-O";
				VALIDATE_PRODUCT = YES;
			};
			name = Release;
		};
		9A2FDD33214A8B0F006B0DFD /* Debug */ = {
			isa = XCBuildConfiguration;
			buildSettings = {
				ASSETCATALOG_COMPILER_APPICON_NAME = AppIcon;
				CODE_SIGN_STYLE = Automatic;
				INFOPLIST_FILE = Dicce/Info.plist;
				LD_RUNPATH_SEARCH_PATHS = (
					"$(inherited)",
					"@executable_path/Frameworks",
				);
				PRODUCT_BUNDLE_IDENTIFIER = com.stefanini.Dicce;
				PRODUCT_NAME = "$(TARGET_NAME)";
				SWIFT_VERSION = 4.0;
				TARGETED_DEVICE_FAMILY = "1,2";
			};
			name = Debug;
		};
		9A2FDD34214A8B0F006B0DFD /* Release */ = {
			isa = XCBuildConfiguration;
			buildSettings = {
				ASSETCATALOG_COMPILER_APPICON_NAME = AppIcon;
				CODE_SIGN_STYLE = Automatic;
				INFOPLIST_FILE = Dicce/Info.plist;
				LD_RUNPATH_SEARCH_PATHS = (
					"$(inherited)",
					"@executable_path/Frameworks",
				);
				PRODUCT_BUNDLE_IDENTIFIER = com.stefanini.Dicce;
				PRODUCT_NAME = "$(TARGET_NAME)";
				SWIFT_VERSION = 4.0;
				TARGETED_DEVICE_FAMILY = "1,2";
			};
			name = Release;
		};
		9A2FDD36214A8B0F006B0DFD /* Debug */ = {
			isa = XCBuildConfiguration;
			buildSettings = {
				ALWAYS_EMBED_SWIFT_STANDARD_LIBRARIES = YES;
				BUNDLE_LOADER = "$(TEST_HOST)";
				CODE_SIGN_STYLE = Automatic;
				INFOPLIST_FILE = DicceTests/Info.plist;
				LD_RUNPATH_SEARCH_PATHS = (
					"$(inherited)",
					"@executable_path/Frameworks",
					"@loader_path/Frameworks",
				);
				PRODUCT_BUNDLE_IDENTIFIER = com.stefanini.DicceTests;
				PRODUCT_NAME = "$(TARGET_NAME)";
				SWIFT_VERSION = 4.0;
				TARGETED_DEVICE_FAMILY = "1,2";
				TEST_HOST = "$(BUILT_PRODUCTS_DIR)/Dicce.app/Dicce";
			};
			name = Debug;
		};
		9A2FDD37214A8B0F006B0DFD /* Release */ = {
			isa = XCBuildConfiguration;
			buildSettings = {
				ALWAYS_EMBED_SWIFT_STANDARD_LIBRARIES = YES;
				BUNDLE_LOADER = "$(TEST_HOST)";
				CODE_SIGN_STYLE = Automatic;
				INFOPLIST_FILE = DicceTests/Info.plist;
				LD_RUNPATH_SEARCH_PATHS = (
					"$(inherited)",
					"@executable_path/Frameworks",
					"@loader_path/Frameworks",
				);
				PRODUCT_BUNDLE_IDENTIFIER = com.stefanini.DicceTests;
				PRODUCT_NAME = "$(TARGET_NAME)";
				SWIFT_VERSION = 4.0;
				TARGETED_DEVICE_FAMILY = "1,2";
				TEST_HOST = "$(BUILT_PRODUCTS_DIR)/Dicce.app/Dicce";
			};
			name = Release;
		};
		9A2FDD39214A8B0F006B0DFD /* Debug */ = {
			isa = XCBuildConfiguration;
			buildSettings = {
				ALWAYS_EMBED_SWIFT_STANDARD_LIBRARIES = YES;
				CODE_SIGN_STYLE = Automatic;
				INFOPLIST_FILE = DicceUITests/Info.plist;
				LD_RUNPATH_SEARCH_PATHS = (
					"$(inherited)",
					"@executable_path/Frameworks",
					"@loader_path/Frameworks",
				);
				PRODUCT_BUNDLE_IDENTIFIER = com.stefanini.DicceUITests;
				PRODUCT_NAME = "$(TARGET_NAME)";
				SWIFT_VERSION = 4.0;
				TARGETED_DEVICE_FAMILY = "1,2";
				TEST_TARGET_NAME = Dicce;
			};
			name = Debug;
		};
		9A2FDD3A214A8B0F006B0DFD /* Release */ = {
			isa = XCBuildConfiguration;
			buildSettings = {
				ALWAYS_EMBED_SWIFT_STANDARD_LIBRARIES = YES;
				CODE_SIGN_STYLE = Automatic;
				INFOPLIST_FILE = DicceUITests/Info.plist;
				LD_RUNPATH_SEARCH_PATHS = (
					"$(inherited)",
					"@executable_path/Frameworks",
					"@loader_path/Frameworks",
				);
				PRODUCT_BUNDLE_IDENTIFIER = com.stefanini.DicceUITests;
				PRODUCT_NAME = "$(TARGET_NAME)";
				SWIFT_VERSION = 4.0;
				TARGETED_DEVICE_FAMILY = "1,2";
				TEST_TARGET_NAME = Dicce;
			};
			name = Release;
		};
/* End XCBuildConfiguration section */

/* Begin XCConfigurationList section */
		9A2FDD05214A8B0B006B0DFD /* Build configuration list for PBXProject "Dicce" */ = {
			isa = XCConfigurationList;
			buildConfigurations = (
				9A2FDD30214A8B0F006B0DFD /* Debug */,
				9A2FDD31214A8B0F006B0DFD /* Release */,
			);
			defaultConfigurationIsVisible = 0;
			defaultConfigurationName = Release;
		};
		9A2FDD32214A8B0F006B0DFD /* Build configuration list for PBXNativeTarget "Dicce" */ = {
			isa = XCConfigurationList;
			buildConfigurations = (
				9A2FDD33214A8B0F006B0DFD /* Debug */,
				9A2FDD34214A8B0F006B0DFD /* Release */,
			);
			defaultConfigurationIsVisible = 0;
			defaultConfigurationName = Release;
		};
		9A2FDD35214A8B0F006B0DFD /* Build configuration list for PBXNativeTarget "DicceTests" */ = {
			isa = XCConfigurationList;
			buildConfigurations = (
				9A2FDD36214A8B0F006B0DFD /* Debug */,
				9A2FDD37214A8B0F006B0DFD /* Release */,
			);
			defaultConfigurationIsVisible = 0;
			defaultConfigurationName = Release;
		};
		9A2FDD38214A8B0F006B0DFD /* Build configuration list for PBXNativeTarget "DicceUITests" */ = {
			isa = XCConfigurationList;
			buildConfigurations = (
				9A2FDD39214A8B0F006B0DFD /* Debug */,
				9A2FDD3A214A8B0F006B0DFD /* Release */,
			);
			defaultConfigurationIsVisible = 0;
			defaultConfigurationName = Release;
		};
/* End XCConfigurationList section */
	};
	rootObject = 9A2FDD02214A8B0B006B0DFD /* Project object */;
}
